
Microsoft Visual Studio Solution File, Format Version 12.00
# Visual Studio Version 17
VisualStudioVersion = 17.9.34714.143
MinimumVisualStudioVersion = 10.0.40219.1
Project("{FAE04EC0-301F-11D3-BF4B-00C04F79EFBC}") = "Comandas", "Comandas.csproj", "{B4BCD6BC-D847-4C36-8691-2FF950979DCF}"
EndProject
Global
	GlobalSection(SolutionConfigurationPlatforms) = preSolution
		Debug|Any CPU = Debug|Any CPU
		Release|Any CPU = Release|Any CPU
	EndGlobalSection
	GlobalSection(ProjectConfigurationPlatforms) = postSolution
		{B4BCD6BC-D847-4C36-8691-2FF950979DCF}.Debug|Any CPU.ActiveCfg = Debug|Any CPU
		{B4BCD6BC-D847-4C36-8691-2FF950979DCF}.Debug|Any CPU.Build.0 = Debug|Any CPU
		{B4BCD6BC-D847-4C36-8691-2FF950979DCF}.Release|Any CPU.ActiveCfg = Release|Any CPU
		{B4BCD6BC-D847-4C36-8691-2FF950979DCF}.Release|Any CPU.Build.0 = Release|Any CPU
	EndGlobalSection
	GlobalSection(SolutionProperties) = preSolution
		HideSolutionNode = FALSE
	EndGlobalSection
	GlobalSection(ExtensibilityGlobals) = postSolution
		SolutionGuid = {EEBFD849-736B-473F-AFC7-C94A5E10571E}
	EndGlobalSection
EndGlobal
